
Microsoft Visual Studio Solution File, Format Version 12.00
# Visual Studio Version 17
VisualStudioVersion = 17.2.32616.157
MinimumVisualStudioVersion = 10.0.40219.1
Project("{FAE04EC0-301F-11D3-BF4B-00C04F79EFBC}") = "LBastidaPruebaTecnicaRepaso", "LBastidaPruebaTecnicaRepaso\LBastidaPruebaTecnicaRepaso.csproj", "{0E0F649B-08B3-43E1-A02E-09221E04EDCC}"
EndProject
Project("{FAE04EC0-301F-11D3-BF4B-00C04F79EFBC}") = "BL", "BL\BL.csproj", "{B5B32752-5960-4231-9627-2223A0F1F977}"
EndProject
Project("{FAE04EC0-301F-11D3-BF4B-00C04F79EFBC}") = "DL", "DL\DL.csproj", "{60A0F2C0-4085-4A0A-9B5D-46ED244776E6}"
EndProject
Project("{FAE04EC0-301F-11D3-BF4B-00C04F79EFBC}") = "ML", "ML\ML.csproj", "{FB276842-85EE-4D41-BB5C-6FB6436F4CD3}"
EndProject
Global
	GlobalSection(SolutionConfigurationPlatforms) = preSolution
		Debug|Any CPU = Debug|Any CPU
		Release|Any CPU = Release|Any CPU
	EndGlobalSection
	GlobalSection(ProjectConfigurationPlatforms) = postSolution
		{0E0F649B-08B3-43E1-A02E-09221E04EDCC}.Debug|Any CPU.ActiveCfg = Debug|Any CPU
		{0E0F649B-08B3-43E1-A02E-09221E04EDCC}.Debug|Any CPU.Build.0 = Debug|Any CPU
		{0E0F649B-08B3-43E1-A02E-09221E04EDCC}.Release|Any CPU.ActiveCfg = Release|Any CPU
		{0E0F649B-08B3-43E1-A02E-09221E04EDCC}.Release|Any CPU.Build.0 = Release|Any CPU
		{B5B32752-5960-4231-9627-2223A0F1F977}.Debug|Any CPU.ActiveCfg = Debug|Any CPU
		{B5B32752-5960-4231-9627-2223A0F1F977}.Debug|Any CPU.Build.0 = Debug|Any CPU
		{B5B32752-5960-4231-9627-2223A0F1F977}.Release|Any CPU.ActiveCfg = Release|Any CPU
		{B5B32752-5960-4231-9627-2223A0F1F977}.Release|Any CPU.Build.0 = Release|Any CPU
		{60A0F2C0-4085-4A0A-9B5D-46ED244776E6}.Debug|Any CPU.ActiveCfg = Debug|Any CPU
		{60A0F2C0-4085-4A0A-9B5D-46ED244776E6}.Debug|Any CPU.Build.0 = Debug|Any CPU
		{60A0F2C0-4085-4A0A-9B5D-46ED244776E6}.Release|Any CPU.ActiveCfg = Release|Any CPU
		{60A0F2C0-4085-4A0A-9B5D-46ED244776E6}.Release|Any CPU.Build.0 = Release|Any CPU
		{FB276842-85EE-4D41-BB5C-6FB6436F4CD3}.Debug|Any CPU.ActiveCfg = Debug|Any CPU
		{FB276842-85EE-4D41-BB5C-6FB6436F4CD3}.Debug|Any CPU.Build.0 = Debug|Any CPU
		{FB276842-85EE-4D41-BB5C-6FB6436F4CD3}.Release|Any CPU.ActiveCfg = Release|Any CPU
		{FB276842-85EE-4D41-BB5C-6FB6436F4CD3}.Release|Any CPU.Build.0 = Release|Any CPU
	EndGlobalSection
	GlobalSection(SolutionProperties) = preSolution
		HideSolutionNode = FALSE
	EndGlobalSection
	GlobalSection(ExtensibilityGlobals) = postSolution
		SolutionGuid = {A1730890-17DB-4480-832F-55C26BB316EB}
	EndGlobalSection
EndGlobal
